
Microsoft Visual Studio Solution File, Format Version 12.00
# Visual Studio Version 17
VisualStudioVersion = 17.8.34322.80
MinimumVisualStudioVersion = 10.0.40219.1
Project("{FAE04EC0-301F-11D3-BF4B-00C04F79EFBC}") = "TextAdventure", "TextAdventure\TextAdventure.csproj", "{BFC326EA-BADC-435C-8D5D-986803693F7D}"
EndProject
Global
	GlobalSection(SolutionConfigurationPlatforms) = preSolution
		Debug|Any CPU = Debug|Any CPU
		Release|Any CPU = Release|Any CPU
	EndGlobalSection
	GlobalSection(ProjectConfigurationPlatforms) = postSolution
		{BFC326EA-BADC-435C-8D5D-986803693F7D}.Debug|Any CPU.ActiveCfg = Debug|Any CPU
		{BFC326EA-BADC-435C-8D5D-986803693F7D}.Debug|Any CPU.Build.0 = Debug|Any CPU
		{BFC326EA-BADC-435C-8D5D-986803693F7D}.Release|Any CPU.ActiveCfg = Release|Any CPU
		{BFC326EA-BADC-435C-8D5D-986803693F7D}.Release|Any CPU.Build.0 = Release|Any CPU
	EndGlobalSection
	GlobalSection(SolutionProperties) = preSolution
		HideSolutionNode = FALSE
	EndGlobalSection
	GlobalSection(ExtensibilityGlobals) = postSolution
		SolutionGuid = {018CF93D-0A5D-45D6-84DE-9769EFB0173B}
	EndGlobalSection
EndGlobal
